
Microsoft Visual Studio Solution File, Format Version 12.00
# Visual Studio Version 17
VisualStudioVersion = 17.3.32825.248
MinimumVisualStudioVersion = 10.0.40219.1
Project("{FAE04EC0-301F-11D3-BF4B-00C04F79EFBC}") = "QRCodeGenerator", "QRCodeGenerator\QRCodeGenerator.csproj", "{184BB3AD-0508-4B50-A9B8-A832E9F83CF8}"
EndProject
Project("{FAE04EC0-301F-11D3-BF4B-00C04F79EFBC}") = "Entities", "Entities\Entities.csproj", "{B9F3C88E-F6BE-4C90-957F-2C102A18851F}"
EndProject
Project("{FAE04EC0-301F-11D3-BF4B-00C04F79EFBC}") = "QRCode.Net", "QRCode.Net\QRCode.Net.csproj", "{6F626CB2-6965-4591-8B28-B5CC49ADD82C}"
EndProject
Global
	GlobalSection(SolutionConfigurationPlatforms) = preSolution
		Debug|Any CPU = Debug|Any CPU
		Release|Any CPU = Release|Any CPU
	EndGlobalSection
	GlobalSection(ProjectConfigurationPlatforms) = postSolution
		{184BB3AD-0508-4B50-A9B8-A832E9F83CF8}.Debug|Any CPU.ActiveCfg = Debug|Any CPU
		{184BB3AD-0508-4B50-A9B8-A832E9F83CF8}.Debug|Any CPU.Build.0 = Debug|Any CPU
		{184BB3AD-0508-4B50-A9B8-A832E9F83CF8}.Release|Any CPU.ActiveCfg = Release|Any CPU
		{184BB3AD-0508-4B50-A9B8-A832E9F83CF8}.Release|Any CPU.Build.0 = Release|Any CPU
		{B9F3C88E-F6BE-4C90-957F-2C102A18851F}.Debug|Any CPU.ActiveCfg = Debug|Any CPU
		{B9F3C88E-F6BE-4C90-957F-2C102A18851F}.Debug|Any CPU.Build.0 = Debug|Any CPU
		{B9F3C88E-F6BE-4C90-957F-2C102A18851F}.Release|Any CPU.ActiveCfg = Release|Any CPU
		{B9F3C88E-F6BE-4C90-957F-2C102A18851F}.Release|Any CPU.Build.0 = Release|Any CPU
		{6F626CB2-6965-4591-8B28-B5CC49ADD82C}.Debug|Any CPU.ActiveCfg = Debug|Any CPU
		{6F626CB2-6965-4591-8B28-B5CC49ADD82C}.Debug|Any CPU.Build.0 = Debug|Any CPU
		{6F626CB2-6965-4591-8B28-B5CC49ADD82C}.Release|Any CPU.ActiveCfg = Release|Any CPU
		{6F626CB2-6965-4591-8B28-B5CC49ADD82C}.Release|Any CPU.Build.0 = Release|Any CPU
	EndGlobalSection
	GlobalSection(SolutionProperties) = preSolution
		HideSolutionNode = FALSE
	EndGlobalSection
	GlobalSection(ExtensibilityGlobals) = postSolution
		SolutionGuid = {A63F4657-D3CA-4D21-9350-C98F7AE0B5D1}
	EndGlobalSection
EndGlobal
